
Microsoft Visual Studio Solution File, Format Version 12.00
# Visual Studio Version 17
VisualStudioVersion = 17.0.32112.339
MinimumVisualStudioVersion = 10.0.40219.1
Project("{FAE04EC0-301F-11D3-BF4B-00C04F79EFBC}") = "aspnet-core-mediatr", "aspnet-core-mediatr\aspnet-core-mediatr.csproj", "{A39F2FDC-B48B-4535-81DE-D331383C1B6E}"
EndProject
Project("{FAE04EC0-301F-11D3-BF4B-00C04F79EFBC}") = "mediatr-features", "mediatr-features\mediatr-features.csproj", "{F755FEC8-571A-423B-89CB-FADED219151C}"
EndProject
Project("{FAE04EC0-301F-11D3-BF4B-00C04F79EFBC}") = "services", "services\services.csproj", "{A82BA703-449D-477F-8980-8B9D8B498749}"
EndProject
Project("{FAE04EC0-301F-11D3-BF4B-00C04F79EFBC}") = "interfaces", "interfaces\interfaces.csproj", "{7AF84652-01A4-4B7A-A4D6-0AE933660747}"
EndProject
Project("{FAE04EC0-301F-11D3-BF4B-00C04F79EFBC}") = "models", "models\models.csproj", "{93A4687F-0B98-478A-AF19-CFD168FD5AB1}"
EndProject
Global
	GlobalSection(SolutionConfigurationPlatforms) = preSolution
		Debug|Any CPU = Debug|Any CPU
		Release|Any CPU = Release|Any CPU
	EndGlobalSection
	GlobalSection(ProjectConfigurationPlatforms) = postSolution
		{A39F2FDC-B48B-4535-81DE-D331383C1B6E}.Debug|Any CPU.ActiveCfg = Debug|Any CPU
		{A39F2FDC-B48B-4535-81DE-D331383C1B6E}.Debug|Any CPU.Build.0 = Debug|Any CPU
		{A39F2FDC-B48B-4535-81DE-D331383C1B6E}.Release|Any CPU.ActiveCfg = Release|Any CPU
		{A39F2FDC-B48B-4535-81DE-D331383C1B6E}.Release|Any CPU.Build.0 = Release|Any CPU
		{F755FEC8-571A-423B-89CB-FADED219151C}.Debug|Any CPU.ActiveCfg = Debug|Any CPU
		{F755FEC8-571A-423B-89CB-FADED219151C}.Debug|Any CPU.Build.0 = Debug|Any CPU
		{F755FEC8-571A-423B-89CB-FADED219151C}.Release|Any CPU.ActiveCfg = Release|Any CPU
		{F755FEC8-571A-423B-89CB-FADED219151C}.Release|Any CPU.Build.0 = Release|Any CPU
		{A82BA703-449D-477F-8980-8B9D8B498749}.Debug|Any CPU.ActiveCfg = Debug|Any CPU
		{A82BA703-449D-477F-8980-8B9D8B498749}.Debug|Any CPU.Build.0 = Debug|Any CPU
		{A82BA703-449D-477F-8980-8B9D8B498749}.Release|Any CPU.ActiveCfg = Release|Any CPU
		{A82BA703-449D-477F-8980-8B9D8B498749}.Release|Any CPU.Build.0 = Release|Any CPU
		{7AF84652-01A4-4B7A-A4D6-0AE933660747}.Debug|Any CPU.ActiveCfg = Debug|Any CPU
		{7AF84652-01A4-4B7A-A4D6-0AE933660747}.Debug|Any CPU.Build.0 = Debug|Any CPU
		{7AF84652-01A4-4B7A-A4D6-0AE933660747}.Release|Any CPU.ActiveCfg = Release|Any CPU
		{7AF84652-01A4-4B7A-A4D6-0AE933660747}.Release|Any CPU.Build.0 = Release|Any CPU
		{93A4687F-0B98-478A-AF19-CFD168FD5AB1}.Debug|Any CPU.ActiveCfg = Debug|Any CPU
		{93A4687F-0B98-478A-AF19-CFD168FD5AB1}.Debug|Any CPU.Build.0 = Debug|Any CPU
		{93A4687F-0B98-478A-AF19-CFD168FD5AB1}.Release|Any CPU.ActiveCfg = Release|Any CPU
		{93A4687F-0B98-478A-AF19-CFD168FD5AB1}.Release|Any CPU.Build.0 = Release|Any CPU
	EndGlobalSection
	GlobalSection(SolutionProperties) = preSolution
		HideSolutionNode = FALSE
	EndGlobalSection
	GlobalSection(ExtensibilityGlobals) = postSolution
		SolutionGuid = {9CC84D20-A1F1-4E61-8BA4-0706868BC402}
	EndGlobalSection
EndGlobal
